// !$*UTF8*$!
{
	archiveVersion = 1;
	classes = {
	};
	objectVersion = 56;
	objects = {

/* Begin PBXBuildFile section */
		CE874F232965457100A2EFBA /* CombineAPITutorialApp.swift in Sources */ = {isa = PBXBuildFile; fileRef = CE874F222965457100A2EFBA /* CombineAPITutorialApp.swift */; };
		CE874F252965457100A2EFBA /* ContentView.swift in Sources */ = {isa = PBXBuildFile; fileRef = CE874F242965457100A2EFBA /* ContentView.swift */; };
		CE874F272965457300A2EFBA /* Assets.xcassets in Resources */ = {isa = PBXBuildFile; fileRef = CE874F262965457300A2EFBA /* Assets.xcassets */; };
		CE874F2A2965457300A2EFBA /* Preview Assets.xcassets in Resources */ = {isa = PBXBuildFile; fileRef = CE874F292965457300A2EFBA /* Preview Assets.xcassets */; };
		CE874F312965551100A2EFBA /* Todo.swift in Sources */ = {isa = PBXBuildFile; fileRef = CE874F302965551100A2EFBA /* Todo.swift */; };
		CE874F332965554000A2EFBA /* Post.swift in Sources */ = {isa = PBXBuildFile; fileRef = CE874F322965554000A2EFBA /* Post.swift */; };
		CE874F352965555C00A2EFBA /* APIService.swift in Sources */ = {isa = PBXBuildFile; fileRef = CE874F342965555C00A2EFBA /* APIService.swift */; };
		CE874F37296556A700A2EFBA /* ViewModel.swift in Sources */ = {isa = PBXBuildFile; fileRef = CE874F36296556A700A2EFBA /* ViewModel.swift */; };
		CE874F392965620100A2EFBA /* User.swift in Sources */ = {isa = PBXBuildFile; fileRef = CE874F382965620100A2EFBA /* User.swift */; };
		CE874F3C29656BB200A2EFBA /* Alamofire in Frameworks */ = {isa = PBXBuildFile; productRef = CE874F3B29656BB200A2EFBA /* Alamofire */; };
/* End PBXBuildFile section */

/* Begin PBXFileReference section */
		CE874F1F2965457100A2EFBA /* CombineAPITutorial.app */ = {isa = PBXFileReference; explicitFileType = wrapper.application; includeInIndex = 0; path = CombineAPITutorial.app; sourceTree = BUILT_PRODUCTS_DIR; };
		CE874F222965457100A2EFBA /* CombineAPITutorialApp.swift */ = {isa = PBXFileReference; lastKnownFileType = sourcecode.swift; path = CombineAPITutorialApp.swift; sourceTree = "<group>"; };
		CE874F242965457100A2EFBA /* ContentView.swift */ = {isa = PBXFileReference; lastKnownFileType = sourcecode.swift; path = ContentView.swift; sourceTree = "<group>"; };
		CE874F262965457300A2EFBA /* Assets.xcassets */ = {isa = PBXFileReference; lastKnownFileType = folder.assetcatalog; path = Assets.xcassets; sourceTree = "<group>"; };
		CE874F292965457300A2EFBA /* Preview Assets.xcassets */ = {isa = PBXFileReference; lastKnownFileType = folder.assetcatalog; path = "Preview Assets.xcassets"; sourceTree = "<group>"; };
		CE874F302965551100A2EFBA /* Todo.swift */ = {isa = PBXFileReference; lastKnownFileType = sourcecode.swift; path = Todo.swift; sourceTree = "<group>"; };
		CE874F322965554000A2EFBA /* Post.swift */ = {isa = PBXFileReference; lastKnownFileType = sourcecode.swift; path = Post.swift; sourceTree = "<group>"; };
		CE874F342965555C00A2EFBA /* APIService.swift */ = {isa = PBXFileReference; lastKnownFileType = sourcecode.swift; path = APIService.swift; sourceTree = "<group>"; };
		CE874F36296556A700A2EFBA /* ViewModel.swift */ = {isa = PBXFileReference; lastKnownFileType = sourcecode.swift; path = ViewModel.swift; sourceTree = "<group>"; };
		CE874F382965620100A2EFBA /* User.swift */ = {isa = PBXFileReference; lastKnownFileType = sourcecode.swift; path = User.swift; sourceTree = "<group>"; };
/* End PBXFileReference section */

/* Begin PBXFrameworksBuildPhase section */
		CE874F1C2965457100A2EFBA /* Frameworks */ = {
			isa = PBXFrameworksBuildPhase;
			buildActionMask = 2147483647;
			files = (
				CE874F3C29656BB200A2EFBA /* Alamofire in Frameworks */,
			);
			runOnlyForDeploymentPostprocessing = 0;
		};
/* End PBXFrameworksBuildPhase section */

/* Begin PBXGroup section */
		CE874F162965457100A2EFBA = {
			isa = PBXGroup;
			children = (
				CE874F212965457100A2EFBA /* CombineAPITutorial */,
				CE874F202965457100A2EFBA /* Products */,
			);
			sourceTree = "<group>";
		};
		CE874F202965457100A2EFBA /* Products */ = {
			isa = PBXGroup;
			children = (
				CE874F1F2965457100A2EFBA /* CombineAPITutorial.app */,
			);
			name = Products;
			sourceTree = "<group>";
		};
		CE874F212965457100A2EFBA /* CombineAPITutorial */ = {
			isa = PBXGroup;
			children = (
				CE874F222965457100A2EFBA /* CombineAPITutorialApp.swift */,
				CE874F242965457100A2EFBA /* ContentView.swift */,
				CE874F36296556A700A2EFBA /* ViewModel.swift */,
				CE874F342965555C00A2EFBA /* APIService.swift */,
				CE874F302965551100A2EFBA /* Todo.swift */,
				CE874F322965554000A2EFBA /* Post.swift */,
				CE874F382965620100A2EFBA /* User.swift */,
				CE874F262965457300A2EFBA /* Assets.xcassets */,
				CE874F282965457300A2EFBA /* Preview Content */,
			);
			path = CombineAPITutorial;
			sourceTree = "<group>";
		};
		CE874F282965457300A2EFBA /* Preview Content */ = {
			isa = PBXGroup;
			children = (
				CE874F292965457300A2EFBA /* Preview Assets.xcassets */,
			);
			path = "Preview Content";
			sourceTree = "<group>";
		};
/* End PBXGroup section */

/* Begin PBXNativeTarget section */
		CE874F1E2965457100A2EFBA /* CombineAPITutorial */ = {
			isa = PBXNativeTarget;
			buildConfigurationList = CE874F2D2965457300A2EFBA /* Build configuration list for PBXNativeTarget "CombineAPITutorial" */;
			buildPhases = (
				CE874F1B2965457100A2EFBA /* Sources */,
				CE874F1C2965457100A2EFBA /* Frameworks */,
				CE874F1D2965457100A2EFBA /* Resources */,
			);
			buildRules = (
			);
			dependencies = (
			);
			name = CombineAPITutorial;
			packageProductDependencies = (
				CE874F3B29656BB200A2EFBA /* Alamofire */,
			);
			productName = CombineAPITutorial;
			productReference = CE874F1F2965457100A2EFBA /* CombineAPITutorial.app */;
			productType = "com.apple.product-type.application";
		};
/* End PBXNativeTarget section */

/* Begin PBXProject section */
		CE874F172965457100A2EFBA /* Project object */ = {
			isa = PBXProject;
			attributes = {
				BuildIndependentTargetsInParallel = 1;
				LastSwiftUpdateCheck = 1420;
				LastUpgradeCheck = 1420;
				TargetAttributes = {
					CE874F1E2965457100A2EFBA = {
						CreatedOnToolsVersion = 14.2;
					};
				};
			};
			buildConfigurationList = CE874F1A2965457100A2EFBA /* Build configuration list for PBXProject "CombineAPITutorial" */;
			compatibilityVersion = "Xcode 14.0";
			developmentRegion = en;
			hasScannedForEncodings = 0;
			knownRegions = (
				en,
				Base,
			);
			mainGroup = CE874F162965457100A2EFBA;
			packageReferences = (
				CE874F3A29656BB200A2EFBA /* XCRemoteSwiftPackageReference "Alamofire" */,
			);
			productRefGroup = CE874F202965457100A2EFBA /* Products */;
			projectDirPath = "";
			projectRoot = "";
			targets = (
				CE874F1E2965457100A2EFBA /* CombineAPITutorial */,
			);
		};
/* End PBXProject section */

/* Begin PBXResourcesBuildPhase section */
		CE874F1D2965457100A2EFBA /* Resources */ = {
			isa = PBXResourcesBuildPhase;
			buildActionMask = 2147483647;
			files = (
				CE874F2A2965457300A2EFBA /* Preview Assets.xcassets in Resources */,
				CE874F272965457300A2EFBA /* Assets.xcassets in Resources */,
			);
			runOnlyForDeploymentPostprocessing = 0;
		};
/* End PBXResourcesBuildPhase section */

/* Begin PBXSourcesBuildPhase section */
		CE874F1B2965457100A2EFBA /* Sources */ = {
			isa = PBXSourcesBuildPhase;
			buildActionMask = 2147483647;
			files = (
				CE874F252965457100A2EFBA /* ContentView.swift in Sources */,
				CE874F352965555C00A2EFBA /* APIService.swift in Sources */,
				CE874F312965551100A2EFBA /* Todo.swift in Sources */,
				CE874F232965457100A2EFBA /* CombineAPITutorialApp.swift in Sources */,
				CE874F37296556A700A2EFBA /* ViewModel.swift in Sources */,
				CE874F332965554000A2EFBA /* Post.swift in Sources */,
				CE874F392965620100A2EFBA /* User.swift in Sources */,
			);
			runOnlyForDeploymentPostprocessing = 0;
		};
/* End PBXSourcesBuildPhase section */

/* Begin XCBuildConfiguration section */
		CE874F2B2965457300A2EFBA /* Debug */ = {
			isa = XCBuildConfiguration;
			buildSettings = {
				ALWAYS_SEARCH_USER_PATHS = NO;
				CLANG_ANALYZER_NONNULL = YES;
				CLANG_ANALYZER_NUMBER_OBJECT_CONVERSION = YES_AGGRESSIVE;
				CLANG_CXX_LANGUAGE_STANDARD = "gnu++20";
				CLANG_ENABLE_MODULES = YES;
				CLANG_ENABLE_OBJC_ARC = YES;
				CLANG_ENABLE_OBJC_WEAK = YES;
				CLANG_WARN_BLOCK_CAPTURE_AUTORELEASING = YES;
				CLANG_WARN_BOOL_CONVERSION = YES;
				CLANG_WARN_COMMA = YES;
				CLANG_WARN_CONSTANT_CONVERSION = YES;
				CLANG_WARN_DEPRECATED_OBJC_IMPLEMENTATIONS = YES;
				CLANG_WARN_DIRECT_OBJC_ISA_USAGE = YES_ERROR;
				CLANG_WARN_DOCUMENTATION_COMMENTS = YES;
				CLANG_WARN_EMPTY_BODY = YES;
				CLANG_WARN_ENUM_CONVERSION = YES;
				CLANG_WARN_INFINITE_RECURSION = YES;
				CLANG_WARN_INT_CONVERSION = YES;
				CLANG_WARN_NON_LITERAL_NULL_CONVERSION = YES;
				CLANG_WARN_OBJC_IMPLICIT_RETAIN_SELF = YES;
				CLANG_WARN_OBJC_LITERAL_CONVERSION = YES;
				CLANG_WARN_OBJC_ROOT_CLASS = YES_ERROR;
				CLANG_WARN_QUOTED_INCLUDE_IN_FRAMEWORK_HEADER = YES;
				CLANG_WARN_RANGE_LOOP_ANALYSIS = YES;
				CLANG_WARN_STRICT_PROTOTYPES = YES;
				CLANG_WARN_SUSPICIOUS_MOVE = YES;
				CLANG_WARN_UNGUARDED_AVAILABILITY = YES_AGGRESSIVE;
				CLANG_WARN_UNREACHABLE_CODE = YES;
				CLANG_WARN__DUPLICATE_METHOD_MATCH = YES;
				COPY_PHASE_STRIP = NO;
				DEBUG_INFORMATION_FORMAT = dwarf;
				ENABLE_STRICT_OBJC_MSGSEND = YES;
				ENABLE_TESTABILITY = YES;
				GCC_C_LANGUAGE_STANDARD = gnu11;
				GCC_DYNAMIC_NO_PIC = NO;
				GCC_NO_COMMON_BLOCKS = YES;
				GCC_OPTIMIZATION_LEVEL = 0;
				GCC_PREPROCESSOR_DEFINITIONS = (
					"DEBUG=1",
					"$(inherited)",
				);
				GCC_WARN_64_TO_32_BIT_CONVERSION = YES;
				GCC_WARN_ABOUT_RETURN_TYPE = YES_ERROR;
				GCC_WARN_UNDECLARED_SELECTOR = YES;
				GCC_WARN_UNINITIALIZED_AUTOS = YES_AGGRESSIVE;
				GCC_WARN_UNUSED_FUNCTION = YES;
				GCC_WARN_UNUSED_VARIABLE = YES;
				IPHONEOS_DEPLOYMENT_TARGET = 16.2;
				MTL_ENABLE_DEBUG_INFO = INCLUDE_SOURCE;
				MTL_FAST_MATH = YES;
				ONLY_ACTIVE_ARCH = YES;
				SDKROOT = iphoneos;
				SWIFT_ACTIVE_COMPILATION_CONDITIONS = DEBUG;
				SWIFT_OPTIMIZATION_LEVEL = "-Onone";
			};
			name = Debug;
		};
		CE874F2C2965457300A2EFBA /* Release */ = {
			isa = XCBuildConfiguration;
			buildSettings = {
				ALWAYS_SEARCH_USER_PATHS = NO;
				CLANG_ANALYZER_NONNULL = YES;
				CLANG_ANALYZER_NUMBER_OBJECT_CONVERSION = YES_AGGRESSIVE;
				CLANG_CXX_LANGUAGE_STANDARD = "gnu++20";
				CLANG_ENABLE_MODULES = YES;
				CLANG_ENABLE_OBJC_ARC = YES;
				CLANG_ENABLE_OBJC_WEAK = YES;
				CLANG_WARN_BLOCK_CAPTURE_AUTORELEASING = YES;
				CLANG_WARN_BOOL_CONVERSION = YES;
				CLANG_WARN_COMMA = YES;
				CLANG_WARN_CONSTANT_CONVERSION = YES;
				CLANG_WARN_DEPRECATED_OBJC_IMPLEMENTATIONS = YES;
				CLANG_WARN_DIRECT_OBJC_ISA_USAGE = YES_ERROR;
				CLANG_WARN_DOCUMENTATION_COMMENTS = YES;
				CLANG_WARN_EMPTY_BODY = YES;
				CLANG_WARN_ENUM_CONVERSION = YES;
				CLANG_WARN_INFINITE_RECURSION = YES;
				CLANG_WARN_INT_CONVERSION = YES;
				CLANG_WARN_NON_LITERAL_NULL_CONVERSION = YES;
				CLANG_WARN_OBJC_IMPLICIT_RETAIN_SELF = YES;
				CLANG_WARN_OBJC_LITERAL_CONVERSION = YES;
				CLANG_WARN_OBJC_ROOT_CLASS = YES_ERROR;
				CLANG_WARN_QUOTED_INCLUDE_IN_FRAMEWORK_HEADER = YES;
				CLANG_WARN_RANGE_LOOP_ANALYSIS = YES;
				CLANG_WARN_STRICT_PROTOTYPES = YES;
				CLANG_WARN_SUSPICIOUS_MOVE = YES;
				CLANG_WARN_UNGUARDED_AVAILABILITY = YES_AGGRESSIVE;
				CLANG_WARN_UNREACHABLE_CODE = YES;
				CLANG_WARN__DUPLICATE_METHOD_MATCH = YES;
				COPY_PHASE_STRIP = NO;
				DEBUG_INFORMATION_FORMAT = "dwarf-with-dsym";
				ENABLE_NS_ASSERTIONS = NO;
				ENABLE_STRICT_OBJC_MSGSEND = YES;
				GCC_C_LANGUAGE_STANDARD = gnu11;
				GCC_NO_COMMON_BLOCKS = YES;
				GCC_WARN_64_TO_32_BIT_CONVERSION = YES;
				GCC_WARN_ABOUT_RETURN_TYPE = YES_ERROR;
				GCC_WARN_UNDECLARED_SELECTOR = YES;
				GCC_WARN_UNINITIALIZED_AUTOS = YES_AGGRESSIVE;
				GCC_WARN_UNUSED_FUNCTION = YES;
				GCC_WARN_UNUSED_VARIABLE = YES;
				IPHONEOS_DEPLOYMENT_TARGET = 16.2;
				MTL_ENABLE_DEBUG_INFO = NO;
				MTL_FAST_MATH = YES;
				SDKROOT = iphoneos;
				SWIFT_COMPILATION_MODE = wholemodule;
				SWIFT_OPTIMIZATION_LEVEL = "-O";
				VALIDATE_PRODUCT = YES;
			};
			name = Release;
		};
		CE874F2E2965457300A2EFBA /* Debug */ = {
			isa = XCBuildConfiguration;
			buildSettings = {
				ASSETCATALOG_COMPILER_APPICON_NAME = AppIcon;
				ASSETCATALOG_COMPILER_GLOBAL_ACCENT_COLOR_NAME = AccentColor;
				CODE_SIGN_STYLE = Automatic;
				CURRENT_PROJECT_VERSION = 1;
				DEVELOPMENT_ASSET_PATHS = "\"CombineAPITutorial/Preview Content\"";
				DEVELOPMENT_TEAM = 2DQGS3FGH6;
				ENABLE_PREVIEWS = YES;
				GENERATE_INFOPLIST_FILE = YES;
				INFOPLIST_KEY_UIApplicationSceneManifest_Generation = YES;
				INFOPLIST_KEY_UIApplicationSupportsIndirectInputEvents = YES;
				INFOPLIST_KEY_UILaunchScreen_Generation = YES;
				INFOPLIST_KEY_UISupportedInterfaceOrientations_iPad = "UIInterfaceOrientationPortrait UIInterfaceOrientationPortraitUpsideDown UIInterfaceOrientationLandscapeLeft UIInterfaceOrientationLandscapeRight";
				INFOPLIST_KEY_UISupportedInterfaceOrientations_iPhone = "UIInterfaceOrientationPortrait UIInterfaceOrientationLandscapeLeft UIInterfaceOrientationLandscapeRight";
				LD_RUNPATH_SEARCH_PATHS = (
					"$(inherited)",
					"@executable_path/Frameworks",
				);
				MARKETING_VERSION = 1.0;
				PRODUCT_BUNDLE_IDENTIFIER = com.solbat.CombineAPITutorial;
				PRODUCT_NAME = "$(TARGET_NAME)";
				SWIFT_EMIT_LOC_STRINGS = YES;
				SWIFT_VERSION = 5.0;
				TARGETED_DEVICE_FAMILY = "1,2";
			};
			name = Debug;
		};
		CE874F2F2965457300A2EFBA /* Release */ = {
			isa = XCBuildConfiguration;
			buildSettings = {
				ASSETCATALOG_COMPILER_APPICON_NAME = AppIcon;
				ASSETCATALOG_COMPILER_GLOBAL_ACCENT_COLOR_NAME = AccentColor;
				CODE_SIGN_STYLE = Automatic;
				CURRENT_PROJECT_VERSION = 1;
				DEVELOPMENT_ASSET_PATHS = "\"CombineAPITutorial/Preview Content\"";
				DEVELOPMENT_TEAM = 2DQGS3FGH6;
				ENABLE_PREVIEWS = YES;
				GENERATE_INFOPLIST_FILE = YES;
				INFOPLIST_KEY_UIApplicationSceneManifest_Generation = YES;
				INFOPLIST_KEY_UIApplicationSupportsIndirectInputEvents = YES;
				INFOPLIST_KEY_UILaunchScreen_Generation = YES;
				INFOPLIST_KEY_UISupportedInterfaceOrientations_iPad = "UIInterfaceOrientationPortrait UIInterfaceOrientationPortraitUpsideDown UIInterfaceOrientationLandscapeLeft UIInterfaceOrientationLandscapeRight";
				INFOPLIST_KEY_UISupportedInterfaceOrientations_iPhone = "UIInterfaceOrientationPortrait UIInterfaceOrientationLandscapeLeft UIInterfaceOrientationLandscapeRight";
				LD_RUNPATH_SEARCH_PATHS = (
					"$(inherited)",
					"@executable_path/Frameworks",
				);
				MARKETING_VERSION = 1.0;
				PRODUCT_BUNDLE_IDENTIFIER = com.solbat.CombineAPITutorial;
				PRODUCT_NAME = "$(TARGET_NAME)";
				SWIFT_EMIT_LOC_STRINGS = YES;
				SWIFT_VERSION = 5.0;
				TARGETED_DEVICE_FAMILY = "1,2";
			};
			name = Release;
		};
/* End XCBuildConfiguration section */

/* Begin XCConfigurationList section */
		CE874F1A2965457100A2EFBA /* Build configuration list for PBXProject "CombineAPITutorial" */ = {
			isa = XCConfigurationList;
			buildConfigurations = (
				CE874F2B2965457300A2EFBA /* Debug */,
				CE874F2C2965457300A2EFBA /* Release */,
			);
			defaultConfigurationIsVisible = 0;
			defaultConfigurationName = Release;
		};
		CE874F2D2965457300A2EFBA /* Build configuration list for PBXNativeTarget "CombineAPITutorial" */ = {
			isa = XCConfigurationList;
			buildConfigurations = (
				CE874F2E2965457300A2EFBA /* Debug */,
				CE874F2F2965457300A2EFBA /* Release */,
			);
			defaultConfigurationIsVisible = 0;
			defaultConfigurationName = Release;
		};
/* End XCConfigurationList section */

/* Begin XCRemoteSwiftPackageReference section */
		CE874F3A29656BB200A2EFBA /* XCRemoteSwiftPackageReference "Alamofire" */ = {
			isa = XCRemoteSwiftPackageReference;
			repositoryURL = "https://github.com/Alamofire/Alamofire.git";
			requirement = {
				kind = upToNextMajorVersion;
				minimumVersion = 5.0.0;
			};
		};
/* End XCRemoteSwiftPackageReference section */

/* Begin XCSwiftPackageProductDependency section */
		CE874F3B29656BB200A2EFBA /* Alamofire */ = {
			isa = XCSwiftPackageProductDependency;
			package = CE874F3A29656BB200A2EFBA /* XCRemoteSwiftPackageReference "Alamofire" */;
			productName = Alamofire;
		};
/* End XCSwiftPackageProductDependency section */
	};
	rootObject = CE874F172965457100A2EFBA /* Project object */;
}
